
Microsoft Visual Studio Solution File, Format Version 12.00
# Visual Studio Version 16
VisualStudioVersion = 16.0.31729.503
MinimumVisualStudioVersion = 10.0.40219.1
Project("{FAE04EC0-301F-11D3-BF4B-00C04F79EFBC}") = "SimpleWebAPI", "SimpleWebAPI\SimpleWebAPI.csproj", "{732374EA-AE7F-469E-A92D-946475F85484}"
EndProject
Global
	GlobalSection(SolutionConfigurationPlatforms) = preSolution
		Debug|Any CPU = Debug|Any CPU
		Release|Any CPU = Release|Any CPU
	EndGlobalSection
	GlobalSection(ProjectConfigurationPlatforms) = postSolution
		{732374EA-AE7F-469E-A92D-946475F85484}.Debug|Any CPU.ActiveCfg = Debug|Any CPU
		{732374EA-AE7F-469E-A92D-946475F85484}.Debug|Any CPU.Build.0 = Debug|Any CPU
		{732374EA-AE7F-469E-A92D-946475F85484}.Release|Any CPU.ActiveCfg = Release|Any CPU
		{732374EA-AE7F-469E-A92D-946475F85484}.Release|Any CPU.Build.0 = Release|Any CPU
	EndGlobalSection
	GlobalSection(SolutionProperties) = preSolution
		HideSolutionNode = FALSE
	EndGlobalSection
	GlobalSection(ExtensibilityGlobals) = postSolution
		SolutionGuid = {90675F20-4D59-4DCB-939F-E30D88DF6A1C}
	EndGlobalSection
EndGlobal
